<Solution>
  <Folder Name="/Solution Items/">
    <File Path=".gitignore" />
  </Folder>
  <Project Path="ApplyVault.Api/ApplyVault.Api.csproj" />
  <Project Path="ApplyVault.Application/ApplyVault.Application.csproj" />
  <Project Path="ApplyVault.Domain/ApplyVault.Domain.csproj" />
  <Project Path="ApplyVault.Infrastructure/ApplyVault.Infrastructure.csproj" />
</Solution>
